
Microsoft Visual Studio Solution File, Format Version 12.00
# Visual Studio Version 16
VisualStudioVersion = 16.0.30406.217
MinimumVisualStudioVersion = 10.0.40219.1
Project("{FAE04EC0-301F-11D3-BF4B-00C04F79EFBC}") = "Mvc_Imagem", "Mvc_Imagem\Mvc_Imagem.csproj", "{71BEA55B-7062-4079-9667-7B71C28EB0FF}"
EndProject
Global
	GlobalSection(SolutionConfigurationPlatforms) = preSolution
		Debug|Any CPU = Debug|Any CPU
		Release|Any CPU = Release|Any CPU
	EndGlobalSection
	GlobalSection(ProjectConfigurationPlatforms) = postSolution
		{71BEA55B-7062-4079-9667-7B71C28EB0FF}.Debug|Any CPU.ActiveCfg = Debug|Any CPU
		{71BEA55B-7062-4079-9667-7B71C28EB0FF}.Debug|Any CPU.Build.0 = Debug|Any CPU
		{71BEA55B-7062-4079-9667-7B71C28EB0FF}.Release|Any CPU.ActiveCfg = Release|Any CPU
		{71BEA55B-7062-4079-9667-7B71C28EB0FF}.Release|Any CPU.Build.0 = Release|Any CPU
	EndGlobalSection
	GlobalSection(SolutionProperties) = preSolution
		HideSolutionNode = FALSE
	EndGlobalSection
	GlobalSection(ExtensibilityGlobals) = postSolution
		SolutionGuid = {910E5149-EF7A-4FA3-9EF2-4EBBD1A4F241}
	EndGlobalSection
EndGlobal
